// !$*UTF8*$!
{
	archiveVersion = 1;
	classes = {
	};
	objectVersion = 46;
	objects = {

/* Begin PBXBuildFile section */
		A50973C11E3D9F20000A2135 /* PlayerDetailsViewController.swift in Sources */ = {isa = PBXBuildFile; fileRef = A50973C01E3D9F20000A2135 /* PlayerDetailsViewController.swift */; };
		A5796F241E38B92400D81704 /* AppDelegate.swift in Sources */ = {isa = PBXBuildFile; fileRef = A5796F231E38B92400D81704 /* AppDelegate.swift */; };
		A5796F291E38B92400D81704 /* Main.storyboard in Resources */ = {isa = PBXBuildFile; fileRef = A5796F271E38B92400D81704 /* Main.storyboard */; };
		A5796F2B1E38B92400D81704 /* Assets.xcassets in Resources */ = {isa = PBXBuildFile; fileRef = A5796F2A1E38B92400D81704 /* Assets.xcassets */; };
		A5796F2E1E38B92400D81704 /* LaunchScreen.storyboard in Resources */ = {isa = PBXBuildFile; fileRef = A5796F2C1E38B92400D81704 /* LaunchScreen.storyboard */; };
		A5796F361E38C20C00D81704 /* PlayersViewController.swift in Sources */ = {isa = PBXBuildFile; fileRef = A5796F351E38C20C00D81704 /* PlayersViewController.swift */; };
		A5796F381E38C26200D81704 /* Player.swift in Sources */ = {isa = PBXBuildFile; fileRef = A5796F371E38C26200D81704 /* Player.swift */; };
		A5796F3A1E38CE2400D81704 /* PlayerCell.swift in Sources */ = {isa = PBXBuildFile; fileRef = A5796F391E38CE2400D81704 /* PlayerCell.swift */; };
/* End PBXBuildFile section */

/* Begin PBXFileReference section */
		A50973C01E3D9F20000A2135 /* PlayerDetailsViewController.swift */ = {isa = PBXFileReference; fileEncoding = 4; lastKnownFileType = sourcecode.swift; path = PlayerDetailsViewController.swift; sourceTree = "<group>"; };
		A5796F201E38B92400D81704 /* Ratings.app */ = {isa = PBXFileReference; explicitFileType = wrapper.application; includeInIndex = 0; path = Ratings.app; sourceTree = BUILT_PRODUCTS_DIR; };
		A5796F231E38B92400D81704 /* AppDelegate.swift */ = {isa = PBXFileReference; lastKnownFileType = sourcecode.swift; path = AppDelegate.swift; sourceTree = "<group>"; };
		A5796F281E38B92400D81704 /* Base */ = {isa = PBXFileReference; lastKnownFileType = file.storyboard; name = Base; path = Base.lproj/Main.storyboard; sourceTree = "<group>"; };
		A5796F2A1E38B92400D81704 /* Assets.xcassets */ = {isa = PBXFileReference; lastKnownFileType = folder.assetcatalog; path = Assets.xcassets; sourceTree = "<group>"; };
		A5796F2D1E38B92400D81704 /* Base */ = {isa = PBXFileReference; lastKnownFileType = file.storyboard; name = Base; path = Base.lproj/LaunchScreen.storyboard; sourceTree = "<group>"; };
		A5796F2F1E38B92400D81704 /* Info.plist */ = {isa = PBXFileReference; lastKnownFileType = text.plist.xml; path = Info.plist; sourceTree = "<group>"; };
		A5796F351E38C20C00D81704 /* PlayersViewController.swift */ = {isa = PBXFileReference; fileEncoding = 4; lastKnownFileType = sourcecode.swift; path = PlayersViewController.swift; sourceTree = "<group>"; };
		A5796F371E38C26200D81704 /* Player.swift */ = {isa = PBXFileReference; fileEncoding = 4; lastKnownFileType = sourcecode.swift; path = Player.swift; sourceTree = "<group>"; };
		A5796F391E38CE2400D81704 /* PlayerCell.swift */ = {isa = PBXFileReference; fileEncoding = 4; lastKnownFileType = sourcecode.swift; path = PlayerCell.swift; sourceTree = "<group>"; };
/* End PBXFileReference section */

/* Begin PBXFrameworksBuildPhase section */
		A5796F1D1E38B92400D81704 /* Frameworks */ = {
			isa = PBXFrameworksBuildPhase;
			buildActionMask = 2147483647;
			files = (
			);
			runOnlyForDeploymentPostprocessing = 0;
		};
/* End PBXFrameworksBuildPhase section */

/* Begin PBXGroup section */
		A5796F171E38B92400D81704 = {
			isa = PBXGroup;
			children = (
				A5796F221E38B92400D81704 /* Ratings */,
				A5796F211E38B92400D81704 /* Products */,
			);
			sourceTree = "<group>";
		};
		A5796F211E38B92400D81704 /* Products */ = {
			isa = PBXGroup;
			children = (
				A5796F201E38B92400D81704 /* Ratings.app */,
			);
			name = Products;
			sourceTree = "<group>";
		};
		A5796F221E38B92400D81704 /* Ratings */ = {
			isa = PBXGroup;
			children = (
				A5796F231E38B92400D81704 /* AppDelegate.swift */,
				A5796F351E38C20C00D81704 /* PlayersViewController.swift */,
				A50973C01E3D9F20000A2135 /* PlayerDetailsViewController.swift */,
				A5796F391E38CE2400D81704 /* PlayerCell.swift */,
				A5796F371E38C26200D81704 /* Player.swift */,
				A5796F271E38B92400D81704 /* Main.storyboard */,
				A5796F2A1E38B92400D81704 /* Assets.xcassets */,
				A5796F2C1E38B92400D81704 /* LaunchScreen.storyboard */,
				A5796F2F1E38B92400D81704 /* Info.plist */,
			);
			path = Ratings;
			sourceTree = "<group>";
		};
/* End PBXGroup section */

/* Begin PBXNativeTarget section */
		A5796F1F1E38B92400D81704 /* Ratings */ = {
			isa = PBXNativeTarget;
			buildConfigurationList = A5796F321E38B92400D81704 /* Build configuration list for PBXNativeTarget "Ratings" */;
			buildPhases = (
				A5796F1C1E38B92400D81704 /* Sources */,
				A5796F1D1E38B92400D81704 /* Frameworks */,
				A5796F1E1E38B92400D81704 /* Resources */,
			);
			buildRules = (
			);
			dependencies = (
			);
			name = Ratings;
			productName = Ratings;
			productReference = A5796F201E38B92400D81704 /* Ratings.app */;
			productType = "com.apple.product-type.application";
		};
/* End PBXNativeTarget section */

/* Begin PBXProject section */
		A5796F181E38B92400D81704 /* Project object */ = {
			isa = PBXProject;
			attributes = {
				LastSwiftUpdateCheck = 0820;
				LastUpgradeCheck = 0820;
				ORGANIZATIONNAME = "Masher Shin";
				TargetAttributes = {
					A5796F1F1E38B92400D81704 = {
						CreatedOnToolsVersion = 8.2.1;
						DevelopmentTeam = H78MG48FYG;
						ProvisioningStyle = Automatic;
					};
				};
			};
			buildConfigurationList = A5796F1B1E38B92400D81704 /* Build configuration list for PBXProject "Ratings" */;
			compatibilityVersion = "Xcode 3.2";
			developmentRegion = English;
			hasScannedForEncodings = 0;
			knownRegions = (
				en,
				Base,
			);
			mainGroup = A5796F171E38B92400D81704;
			productRefGroup = A5796F211E38B92400D81704 /* Products */;
			projectDirPath = "";
			projectRoot = "";
			targets = (
				A5796F1F1E38B92400D81704 /* Ratings */,
			);
		};
/* End PBXProject section */

/* Begin PBXResourcesBuildPhase section */
		A5796F1E1E38B92400D81704 /* Resources */ = {
			isa = PBXResourcesBuildPhase;
			buildActionMask = 2147483647;
			files = (
				A5796F2E1E38B92400D81704 /* LaunchScreen.storyboard in Resources */,
				A5796F2B1E38B92400D81704 /* Assets.xcassets in Resources */,
				A5796F291E38B92400D81704 /* Main.storyboard in Resources */,
			);
			runOnlyForDeploymentPostprocessing = 0;
		};
/* End PBXResourcesBuildPhase section */

/* Begin PBXSourcesBuildPhase section */
		A5796F1C1E38B92400D81704 /* Sources */ = {
			isa = PBXSourcesBuildPhase;
			buildActionMask = 2147483647;
			files = (
				A5796F381E38C26200D81704 /* Player.swift in Sources */,
				A5796F241E38B92400D81704 /* AppDelegate.swift in Sources */,
				A5796F361E38C20C00D81704 /* PlayersViewController.swift in Sources */,
				A5796F3A1E38CE2400D81704 /* PlayerCell.swift in Sources */,
				A50973C11E3D9F20000A2135 /* PlayerDetailsViewController.swift in Sources */,
			);
			runOnlyForDeploymentPostprocessing = 0;
		};
/* End PBXSourcesBuildPhase section */

/* Begin PBXVariantGroup section */
		A5796F271E38B92400D81704 /* Main.storyboard */ = {
			isa = PBXVariantGroup;
			children = (
				A5796F281E38B92400D81704 /* Base */,
			);
			name = Main.storyboard;
			sourceTree = "<group>";
		};
		A5796F2C1E38B92400D81704 /* LaunchScreen.storyboard */ = {
			isa = PBXVariantGroup;
			children = (
				A5796F2D1E38B92400D81704 /* Base */,
			);
			name = LaunchScreen.storyboard;
			sourceTree = "<group>";
		};
/* End PBXVariantGroup section */

/* Begin XCBuildConfiguration section */
		A5796F301E38B92400D81704 /* Debug */ = {
			isa = XCBuildConfiguration;
			buildSettings = {
				ALWAYS_SEARCH_USER_PATHS = NO;
				CLANG_ANALYZER_NONNULL = YES;
				CLANG_CXX_LANGUAGE_STANDARD = "gnu++0x";
				CLANG_CXX_LIBRARY = "libc++";
				CLANG_ENABLE_MODULES = YES;
				CLANG_ENABLE_OBJC_ARC = YES;
				CLANG_WARN_BOOL_CONVERSION = YES;
				CLANG_WARN_CONSTANT_CONVERSION = YES;
				CLANG_WARN_DIRECT_OBJC_ISA_USAGE = YES_ERROR;
				CLANG_WARN_DOCUMENTATION_COMMENTS = YES;
				CLANG_WARN_EMPTY_BODY = YES;
				CLANG_WARN_ENUM_CONVERSION = YES;
				CLANG_WARN_INFINITE_RECURSION = YES;
				CLANG_WARN_INT_CONVERSION = YES;
				CLANG_WARN_OBJC_ROOT_CLASS = YES_ERROR;
				CLANG_WARN_SUSPICIOUS_MOVE = YES;
				CLANG_WARN_UNREACHABLE_CODE = YES;
				CLANG_WARN__DUPLICATE_METHOD_MATCH = YES;
				"CODE_SIGN_IDENTITY[sdk=iphoneos*]" = "iPhone Developer";
				COPY_PHASE_STRIP = NO;
				DEBUG_INFORMATION_FORMAT = dwarf;
				ENABLE_STRICT_OBJC_MSGSEND = YES;
				ENABLE_TESTABILITY = YES;
				GCC_C_LANGUAGE_STANDARD = gnu99;
				GCC_DYNAMIC_NO_PIC = NO;
				GCC_NO_COMMON_BLOCKS = YES;
				GCC_OPTIMIZATION_LEVEL = 0;
				GCC_PREPROCESSOR_DEFINITIONS = (
					"DEBUG=1",
					"$(inherited)",
				);
				GCC_WARN_64_TO_32_BIT_CONVERSION = YES;
				GCC_WARN_ABOUT_RETURN_TYPE = YES_ERROR;
				GCC_WARN_UNDECLARED_SELECTOR = YES;
				GCC_WARN_UNINITIALIZED_AUTOS = YES_AGGRESSIVE;
				GCC_WARN_UNUSED_FUNCTION = YES;
				GCC_WARN_UNUSED_VARIABLE = YES;
				IPHONEOS_DEPLOYMENT_TARGET = 10.2;
				MTL_ENABLE_DEBUG_INFO = YES;
				ONLY_ACTIVE_ARCH = YES;
				SDKROOT = iphoneos;
				SWIFT_ACTIVE_COMPILATION_CONDITIONS = DEBUG;
				SWIFT_OPTIMIZATION_LEVEL = "-Onone";
			};
			name = Debug;
		};
		A5796F311E38B92400D81704 /* Release */ = {
			isa = XCBuildConfiguration;
			buildSettings = {
				ALWAYS_SEARCH_USER_PATHS = NO;
				CLANG_ANALYZER_NONNULL = YES;
				CLANG_CXX_LANGUAGE_STANDARD = "gnu++0x";
				CLANG_CXX_LIBRARY = "libc++";
				CLANG_ENABLE_MODULES = YES;
				CLANG_ENABLE_OBJC_ARC = YES;
				CLANG_WARN_BOOL_CONVERSION = YES;
				CLANG_WARN_CONSTANT_CONVERSION = YES;
				CLANG_WARN_DIRECT_OBJC_ISA_USAGE = YES_ERROR;
				CLANG_WARN_DOCUMENTATION_COMMENTS = YES;
				CLANG_WARN_EMPTY_BODY = YES;
				CLANG_WARN_ENUM_CONVERSION = YES;
				CLANG_WARN_INFINITE_RECURSION = YES;
				CLANG_WARN_INT_CONVERSION = YES;
				CLANG_WARN_OBJC_ROOT_CLASS = YES_ERROR;
				CLANG_WARN_SUSPICIOUS_MOVE = YES;
				CLANG_WARN_UNREACHABLE_CODE = YES;
				CLANG_WARN__DUPLICATE_METHOD_MATCH = YES;
				"CODE_SIGN_IDENTITY[sdk=iphoneos*]" = "iPhone Developer";
				COPY_PHASE_STRIP = NO;
				DEBUG_INFORMATION_FORMAT = "dwarf-with-dsym";
				ENABLE_NS_ASSERTIONS = NO;
				ENABLE_STRICT_OBJC_MSGSEND = YES;
				GCC_C_LANGUAGE_STANDARD = gnu99;
				GCC_NO_COMMON_BLOCKS = YES;
				GCC_WARN_64_TO_32_BIT_CONVERSION = YES;
				GCC_WARN_ABOUT_RETURN_TYPE = YES_ERROR;
				GCC_WARN_UNDECLARED_SELECTOR = YES;
				GCC_WARN_UNINITIALIZED_AUTOS = YES_AGGRESSIVE;
				GCC_WARN_UNUSED_FUNCTION = YES;
				GCC_WARN_UNUSED_VARIABLE = YES;
				IPHONEOS_DEPLOYMENT_TARGET = 10.2;
				MTL_ENABLE_DEBUG_INFO = NO;
				SDKROOT = iphoneos;
				SWIFT_OPTIMIZATION_LEVEL = "-Owholemodule";
				VALIDATE_PRODUCT = YES;
			};
			name = Release;
		};
		A5796F331E38B92400D81704 /* Debug */ = {
			isa = XCBuildConfiguration;
			buildSettings = {
				ASSETCATALOG_COMPILER_APPICON_NAME = AppIcon;
				DEVELOPMENT_TEAM = H78MG48FYG;
				INFOPLIST_FILE = Ratings/Info.plist;
				LD_RUNPATH_SEARCH_PATHS = "$(inherited) @executable_path/Frameworks";
				PRODUCT_BUNDLE_IDENTIFIER = com.rgpkorea.Ratings;
				PRODUCT_NAME = "$(TARGET_NAME)";
				SWIFT_VERSION = 3.0;
			};
			name = Debug;
		};
		A5796F341E38B92400D81704 /* Release */ = {
			isa = XCBuildConfiguration;
			buildSettings = {
				ASSETCATALOG_COMPILER_APPICON_NAME = AppIcon;
				DEVELOPMENT_TEAM = H78MG48FYG;
				INFOPLIST_FILE = Ratings/Info.plist;
				LD_RUNPATH_SEARCH_PATHS = "$(inherited) @executable_path/Frameworks";
				PRODUCT_BUNDLE_IDENTIFIER = com.rgpkorea.Ratings;
				PRODUCT_NAME = "$(TARGET_NAME)";
				SWIFT_VERSION = 3.0;
			};
			name = Release;
		};
/* End XCBuildConfiguration section */

/* Begin XCConfigurationList section */
		A5796F1B1E38B92400D81704 /* Build configuration list for PBXProject "Ratings" */ = {
			isa = XCConfigurationList;
			buildConfigurations = (
				A5796F301E38B92400D81704 /* Debug */,
				A5796F311E38B92400D81704 /* Release */,
			);
			defaultConfigurationIsVisible = 0;
			defaultConfigurationName = Release;
		};
		A5796F321E38B92400D81704 /* Build configuration list for PBXNativeTarget "Ratings" */ = {
			isa = XCConfigurationList;
			buildConfigurations = (
				A5796F331E38B92400D81704 /* Debug */,
				A5796F341E38B92400D81704 /* Release */,
			);
			defaultConfigurationIsVisible = 0;
			defaultConfigurationName = Release;
		};
/* End XCConfigurationList section */
	};
	rootObject = A5796F181E38B92400D81704 /* Project object */;
}
